
Microsoft Visual Studio Solution File, Format Version 12.00
# Visual Studio Version 17
VisualStudioVersion = 17.2.32519.379
MinimumVisualStudioVersion = 10.0.40219.1
Project("{FAE04EC0-301F-11D3-BF4B-00C04F79EFBC}") = "FotoFrame", "FotoFrame\FotoFrame.csproj", "{A7A7F6ED-C71A-4865-B67A-AF20007DC1E0}"
EndProject
Global
	GlobalSection(SolutionConfigurationPlatforms) = preSolution
		Debug|Any CPU = Debug|Any CPU
		Release|Any CPU = Release|Any CPU
	EndGlobalSection
	GlobalSection(ProjectConfigurationPlatforms) = postSolution
		{A7A7F6ED-C71A-4865-B67A-AF20007DC1E0}.Debug|Any CPU.ActiveCfg = Debug|Any CPU
		{A7A7F6ED-C71A-4865-B67A-AF20007DC1E0}.Debug|Any CPU.Build.0 = Debug|Any CPU
		{A7A7F6ED-C71A-4865-B67A-AF20007DC1E0}.Release|Any CPU.ActiveCfg = Release|Any CPU
		{A7A7F6ED-C71A-4865-B67A-AF20007DC1E0}.Release|Any CPU.Build.0 = Release|Any CPU
	EndGlobalSection
	GlobalSection(SolutionProperties) = preSolution
		HideSolutionNode = FALSE
	EndGlobalSection
	GlobalSection(ExtensibilityGlobals) = postSolution
		SolutionGuid = {29260C83-4BBB-4BDB-B797-D8427AC67829}
	EndGlobalSection
EndGlobal
